// !$*UTF8*$!
{
	archiveVersion = 1;
	classes = {
	};
	objectVersion = 56;
	objects = {

/* Begin PBXBuildFile section */
		54615D20D07740E638CF76A0 /* Pods_FlixTests.framework in Frameworks */ = {isa = PBXBuildFile; fileRef = 67F2D6774AFF61D8FEE70C14 /* Pods_FlixTests.framework */; };
		682FED9428D53090006FCD9C /* AppDelegate.swift in Sources */ = {isa = PBXBuildFile; fileRef = 682FED9328D53090006FCD9C /* AppDelegate.swift */; };
		682FED9628D53090006FCD9C /* SceneDelegate.swift in Sources */ = {isa = PBXBuildFile; fileRef = 682FED9528D53090006FCD9C /* SceneDelegate.swift */; };
		682FED9828D53090006FCD9C /* ViewController.swift in Sources */ = {isa = PBXBuildFile; fileRef = 682FED9728D53090006FCD9C /* ViewController.swift */; };
		682FED9B28D53090006FCD9C /* Main.storyboard in Resources */ = {isa = PBXBuildFile; fileRef = 682FED9928D53090006FCD9C /* Main.storyboard */; };
		682FED9D28D53093006FCD9C /* Assets.xcassets in Resources */ = {isa = PBXBuildFile; fileRef = 682FED9C28D53093006FCD9C /* Assets.xcassets */; };
		682FEDA028D53093006FCD9C /* LaunchScreen.storyboard in Resources */ = {isa = PBXBuildFile; fileRef = 682FED9E28D53093006FCD9C /* LaunchScreen.storyboard */; };
		682FEDAB28D53093006FCD9C /* FlixTests.swift in Sources */ = {isa = PBXBuildFile; fileRef = 682FEDAA28D53093006FCD9C /* FlixTests.swift */; };
		682FEDB528D53093006FCD9C /* FlixUITests.swift in Sources */ = {isa = PBXBuildFile; fileRef = 682FEDB428D53093006FCD9C /* FlixUITests.swift */; };
		682FEDB728D53093006FCD9C /* FlixUITestsLaunchTests.swift in Sources */ = {isa = PBXBuildFile; fileRef = 682FEDB628D53093006FCD9C /* FlixUITestsLaunchTests.swift */; };
		682FEDCA28D53C93006FCD9C /* MoviesViewController.swift in Sources */ = {isa = PBXBuildFile; fileRef = 682FEDC928D53C93006FCD9C /* MoviesViewController.swift */; };
		682FEDCC28D575DB006FCD9C /* MovieCell.swift in Sources */ = {isa = PBXBuildFile; fileRef = 682FEDCB28D575DB006FCD9C /* MovieCell.swift */; };
		682FEDCF28D57DF2006FCD9C /* AlamofireImage in Frameworks */ = {isa = PBXBuildFile; productRef = 682FEDCE28D57DF2006FCD9C /* AlamofireImage */; };
		D1AB937372FB98122F4F2F1D /* Pods_Flix_FlixUITests.framework in Frameworks */ = {isa = PBXBuildFile; fileRef = 65BAA7BD08501E3337A68045 /* Pods_Flix_FlixUITests.framework */; };
		DB2EB3483ADED79EEF7023F8 /* Pods_Flix.framework in Frameworks */ = {isa = PBXBuildFile; fileRef = E4E935BE9FD757D150713A01 /* Pods_Flix.framework */; };
/* End PBXBuildFile section */

/* Begin PBXContainerItemProxy section */
		682FEDA728D53093006FCD9C /* PBXContainerItemProxy */ = {
			isa = PBXContainerItemProxy;
			containerPortal = 682FED8828D53090006FCD9C /* Project object */;
			proxyType = 1;
			remoteGlobalIDString = 682FED8F28D53090006FCD9C;
			remoteInfo = Flix;
		};
		682FEDB128D53093006FCD9C /* PBXContainerItemProxy */ = {
			isa = PBXContainerItemProxy;
			containerPortal = 682FED8828D53090006FCD9C /* Project object */;
			proxyType = 1;
			remoteGlobalIDString = 682FED8F28D53090006FCD9C;
			remoteInfo = Flix;
		};
/* End PBXContainerItemProxy section */

/* Begin PBXFileReference section */
		20B2AD4CFCE0C4A228932105 /* Pods-Flix.debug.xcconfig */ = {isa = PBXFileReference; includeInIndex = 1; lastKnownFileType = text.xcconfig; name = "Pods-Flix.debug.xcconfig"; path = "Target Support Files/Pods-Flix/Pods-Flix.debug.xcconfig"; sourceTree = "<group>"; };
		31009AA86D630C5BC0173531 /* Pods-Flix-FlixUITests.debug.xcconfig */ = {isa = PBXFileReference; includeInIndex = 1; lastKnownFileType = text.xcconfig; name = "Pods-Flix-FlixUITests.debug.xcconfig"; path = "Target Support Files/Pods-Flix-FlixUITests/Pods-Flix-FlixUITests.debug.xcconfig"; sourceTree = "<group>"; };
		5B4D7A1FAF85086BB9804DAF /* Pods-FlixTests.debug.xcconfig */ = {isa = PBXFileReference; includeInIndex = 1; lastKnownFileType = text.xcconfig; name = "Pods-FlixTests.debug.xcconfig"; path = "Target Support Files/Pods-FlixTests/Pods-FlixTests.debug.xcconfig"; sourceTree = "<group>"; };
		65BAA7BD08501E3337A68045 /* Pods_Flix_FlixUITests.framework */ = {isa = PBXFileReference; explicitFileType = wrapper.framework; includeInIndex = 0; path = Pods_Flix_FlixUITests.framework; sourceTree = BUILT_PRODUCTS_DIR; };
		67F2D6774AFF61D8FEE70C14 /* Pods_FlixTests.framework */ = {isa = PBXFileReference; explicitFileType = wrapper.framework; includeInIndex = 0; path = Pods_FlixTests.framework; sourceTree = BUILT_PRODUCTS_DIR; };
		682FED9028D53090006FCD9C /* Flix.app */ = {isa = PBXFileReference; explicitFileType = wrapper.application; includeInIndex = 0; path = Flix.app; sourceTree = BUILT_PRODUCTS_DIR; };
		682FED9328D53090006FCD9C /* AppDelegate.swift */ = {isa = PBXFileReference; lastKnownFileType = sourcecode.swift; path = AppDelegate.swift; sourceTree = "<group>"; };
		682FED9528D53090006FCD9C /* SceneDelegate.swift */ = {isa = PBXFileReference; lastKnownFileType = sourcecode.swift; path = SceneDelegate.swift; sourceTree = "<group>"; };
		682FED9728D53090006FCD9C /* ViewController.swift */ = {isa = PBXFileReference; lastKnownFileType = sourcecode.swift; path = ViewController.swift; sourceTree = "<group>"; };
		682FED9A28D53090006FCD9C /* Base */ = {isa = PBXFileReference; lastKnownFileType = file.storyboard; name = Base; path = Base.lproj/Main.storyboard; sourceTree = "<group>"; };
		682FED9C28D53093006FCD9C /* Assets.xcassets */ = {isa = PBXFileReference; lastKnownFileType = folder.assetcatalog; path = Assets.xcassets; sourceTree = "<group>"; };
		682FED9F28D53093006FCD9C /* Base */ = {isa = PBXFileReference; lastKnownFileType = file.storyboard; name = Base; path = Base.lproj/LaunchScreen.storyboard; sourceTree = "<group>"; };
		682FEDA128D53093006FCD9C /* Info.plist */ = {isa = PBXFileReference; lastKnownFileType = text.plist.xml; path = Info.plist; sourceTree = "<group>"; };
		682FEDA628D53093006FCD9C /* FlixTests.xctest */ = {isa = PBXFileReference; explicitFileType = wrapper.cfbundle; includeInIndex = 0; path = FlixTests.xctest; sourceTree = BUILT_PRODUCTS_DIR; };
		682FEDAA28D53093006FCD9C /* FlixTests.swift */ = {isa = PBXFileReference; lastKnownFileType = sourcecode.swift; path = FlixTests.swift; sourceTree = "<group>"; };
		682FEDB028D53093006FCD9C /* FlixUITests.xctest */ = {isa = PBXFileReference; explicitFileType = wrapper.cfbundle; includeInIndex = 0; path = FlixUITests.xctest; sourceTree = BUILT_PRODUCTS_DIR; };
		682FEDB428D53093006FCD9C /* FlixUITests.swift */ = {isa = PBXFileReference; lastKnownFileType = sourcecode.swift; path = FlixUITests.swift; sourceTree = "<group>"; };
		682FEDB628D53093006FCD9C /* FlixUITestsLaunchTests.swift */ = {isa = PBXFileReference; lastKnownFileType = sourcecode.swift; path = FlixUITestsLaunchTests.swift; sourceTree = "<group>"; };
		682FEDC928D53C93006FCD9C /* MoviesViewController.swift */ = {isa = PBXFileReference; lastKnownFileType = sourcecode.swift; path = MoviesViewController.swift; sourceTree = "<group>"; };
		682FEDCB28D575DB006FCD9C /* MovieCell.swift */ = {isa = PBXFileReference; lastKnownFileType = sourcecode.swift; path = MovieCell.swift; sourceTree = "<group>"; };
		707E20B9FEBCD6C0C8A6BD98 /* Pods-Flix.release.xcconfig */ = {isa = PBXFileReference; includeInIndex = 1; lastKnownFileType = text.xcconfig; name = "Pods-Flix.release.xcconfig"; path = "Target Support Files/Pods-Flix/Pods-Flix.release.xcconfig"; sourceTree = "<group>"; };
		A6EABC720E4EF37D2463BE85 /* Pods-Flix-FlixUITests.release.xcconfig */ = {isa = PBXFileReference; includeInIndex = 1; lastKnownFileType = text.xcconfig; name = "Pods-Flix-FlixUITests.release.xcconfig"; path = "Target Support Files/Pods-Flix-FlixUITests/Pods-Flix-FlixUITests.release.xcconfig"; sourceTree = "<group>"; };
		E18ED7003E01576B80EBB574 /* Pods-FlixTests.release.xcconfig */ = {isa = PBXFileReference; includeInIndex = 1; lastKnownFileType = text.xcconfig; name = "Pods-FlixTests.release.xcconfig"; path = "Target Support Files/Pods-FlixTests/Pods-FlixTests.release.xcconfig"; sourceTree = "<group>"; };
		E4E935BE9FD757D150713A01 /* Pods_Flix.framework */ = {isa = PBXFileReference; explicitFileType = wrapper.framework; includeInIndex = 0; path = Pods_Flix.framework; sourceTree = BUILT_PRODUCTS_DIR; };
/* End PBXFileReference section */

/* Begin PBXFrameworksBuildPhase section */
		682FED8D28D53090006FCD9C /* Frameworks */ = {
			isa = PBXFrameworksBuildPhase;
			buildActionMask = 2147483647;
			files = (
				682FEDCF28D57DF2006FCD9C /* AlamofireImage in Frameworks */,
				DB2EB3483ADED79EEF7023F8 /* Pods_Flix.framework in Frameworks */,
			);
			runOnlyForDeploymentPostprocessing = 0;
		};
		682FEDA328D53093006FCD9C /* Frameworks */ = {
			isa = PBXFrameworksBuildPhase;
			buildActionMask = 2147483647;
			files = (
				54615D20D07740E638CF76A0 /* Pods_FlixTests.framework in Frameworks */,
			);
			runOnlyForDeploymentPostprocessing = 0;
		};
		682FEDAD28D53093006FCD9C /* Frameworks */ = {
			isa = PBXFrameworksBuildPhase;
			buildActionMask = 2147483647;
			files = (
				D1AB937372FB98122F4F2F1D /* Pods_Flix_FlixUITests.framework in Frameworks */,
			);
			runOnlyForDeploymentPostprocessing = 0;
		};
/* End PBXFrameworksBuildPhase section */

/* Begin PBXGroup section */
		682FED8728D53090006FCD9C = {
			isa = PBXGroup;
			children = (
				682FED9228D53090006FCD9C /* Flix */,
				682FEDA928D53093006FCD9C /* FlixTests */,
				682FEDB328D53093006FCD9C /* FlixUITests */,
				682FED9128D53090006FCD9C /* Products */,
				8392E364ACD1115C23E32D71 /* Pods */,
				6D4D47E912720A0072FFF66F /* Frameworks */,
			);
			sourceTree = "<group>";
		};
		682FED9128D53090006FCD9C /* Products */ = {
			isa = PBXGroup;
			children = (
				682FED9028D53090006FCD9C /* Flix.app */,
				682FEDA628D53093006FCD9C /* FlixTests.xctest */,
				682FEDB028D53093006FCD9C /* FlixUITests.xctest */,
			);
			name = Products;
			sourceTree = "<group>";
		};
		682FED9228D53090006FCD9C /* Flix */ = {
			isa = PBXGroup;
			children = (
				682FED9328D53090006FCD9C /* AppDelegate.swift */,
				682FED9528D53090006FCD9C /* SceneDelegate.swift */,
				682FED9728D53090006FCD9C /* ViewController.swift */,
				682FED9928D53090006FCD9C /* Main.storyboard */,
				682FEDCB28D575DB006FCD9C /* MovieCell.swift */,
				682FED9C28D53093006FCD9C /* Assets.xcassets */,
				682FED9E28D53093006FCD9C /* LaunchScreen.storyboard */,
				682FEDA128D53093006FCD9C /* Info.plist */,
				682FEDC928D53C93006FCD9C /* MoviesViewController.swift */,
			);
			path = Flix;
			sourceTree = "<group>";
		};
		682FEDA928D53093006FCD9C /* FlixTests */ = {
			isa = PBXGroup;
			children = (
				682FEDAA28D53093006FCD9C /* FlixTests.swift */,
			);
			path = FlixTests;
			sourceTree = "<group>";
		};
		682FEDB328D53093006FCD9C /* FlixUITests */ = {
			isa = PBXGroup;
			children = (
				682FEDB428D53093006FCD9C /* FlixUITests.swift */,
				682FEDB628D53093006FCD9C /* FlixUITestsLaunchTests.swift */,
			);
			path = FlixUITests;
			sourceTree = "<group>";
		};
		6D4D47E912720A0072FFF66F /* Frameworks */ = {
			isa = PBXGroup;
			children = (
				E4E935BE9FD757D150713A01 /* Pods_Flix.framework */,
				65BAA7BD08501E3337A68045 /* Pods_Flix_FlixUITests.framework */,
				67F2D6774AFF61D8FEE70C14 /* Pods_FlixTests.framework */,
			);
			name = Frameworks;
			sourceTree = "<group>";
		};
		8392E364ACD1115C23E32D71 /* Pods */ = {
			isa = PBXGroup;
			children = (
				20B2AD4CFCE0C4A228932105 /* Pods-Flix.debug.xcconfig */,
				707E20B9FEBCD6C0C8A6BD98 /* Pods-Flix.release.xcconfig */,
				31009AA86D630C5BC0173531 /* Pods-Flix-FlixUITests.debug.xcconfig */,
				A6EABC720E4EF37D2463BE85 /* Pods-Flix-FlixUITests.release.xcconfig */,
				5B4D7A1FAF85086BB9804DAF /* Pods-FlixTests.debug.xcconfig */,
				E18ED7003E01576B80EBB574 /* Pods-FlixTests.release.xcconfig */,
			);
			name = Pods;
			path = Pods;
			sourceTree = "<group>";
		};
/* End PBXGroup section */

/* Begin PBXNativeTarget section */
		682FED8F28D53090006FCD9C /* Flix */ = {
			isa = PBXNativeTarget;
			buildConfigurationList = 682FEDBA28D53093006FCD9C /* Build configuration list for PBXNativeTarget "Flix" */;
			buildPhases = (
				275127D45EAFAC88D7C361AE /* [CP] Check Pods Manifest.lock */,
				682FED8C28D53090006FCD9C /* Sources */,
				682FED8D28D53090006FCD9C /* Frameworks */,
				682FED8E28D53090006FCD9C /* Resources */,
				9068D14BFAC26074D5F835BF /* [CP] Embed Pods Frameworks */,
			);
			buildRules = (
			);
			dependencies = (
			);
			name = Flix;
			packageProductDependencies = (
				682FEDCE28D57DF2006FCD9C /* AlamofireImage */,
			);
			productName = Flix;
			productReference = 682FED9028D53090006FCD9C /* Flix.app */;
			productType = "com.apple.product-type.application";
		};
		682FEDA528D53093006FCD9C /* FlixTests */ = {
			isa = PBXNativeTarget;
			buildConfigurationList = 682FEDBD28D53093006FCD9C /* Build configuration list for PBXNativeTarget "FlixTests" */;
			buildPhases = (
				E560F9487FA657C627B90296 /* [CP] Check Pods Manifest.lock */,
				682FEDA228D53093006FCD9C /* Sources */,
				682FEDA328D53093006FCD9C /* Frameworks */,
				682FEDA428D53093006FCD9C /* Resources */,
			);
			buildRules = (
			);
			dependencies = (
				682FEDA828D53093006FCD9C /* PBXTargetDependency */,
			);
			name = FlixTests;
			productName = FlixTests;
			productReference = 682FEDA628D53093006FCD9C /* FlixTests.xctest */;
			productType = "com.apple.product-type.bundle.unit-test";
		};
		682FEDAF28D53093006FCD9C /* FlixUITests */ = {
			isa = PBXNativeTarget;
			buildConfigurationList = 682FEDC028D53093006FCD9C /* Build configuration list for PBXNativeTarget "FlixUITests" */;
			buildPhases = (
				8AF9622D35959D727C003B58 /* [CP] Check Pods Manifest.lock */,
				682FEDAC28D53093006FCD9C /* Sources */,
				682FEDAD28D53093006FCD9C /* Frameworks */,
				682FEDAE28D53093006FCD9C /* Resources */,
				56FC59BE4BB077B92E6D6086 /* [CP] Embed Pods Frameworks */,
			);
			buildRules = (
			);
			dependencies = (
				682FEDB228D53093006FCD9C /* PBXTargetDependency */,
			);
			name = FlixUITests;
			productName = FlixUITests;
			productReference = 682FEDB028D53093006FCD9C /* FlixUITests.xctest */;
			productType = "com.apple.product-type.bundle.ui-testing";
		};
/* End PBXNativeTarget section */

/* Begin PBXProject section */
		682FED8828D53090006FCD9C /* Project object */ = {
			isa = PBXProject;
			attributes = {
				BuildIndependentTargetsInParallel = 1;
				LastSwiftUpdateCheck = 1400;
				LastUpgradeCheck = 1400;
				TargetAttributes = {
					682FED8F28D53090006FCD9C = {
						CreatedOnToolsVersion = 14.0;
						LastSwiftMigration = 1400;
					};
					682FEDA528D53093006FCD9C = {
						CreatedOnToolsVersion = 14.0;
						TestTargetID = 682FED8F28D53090006FCD9C;
					};
					682FEDAF28D53093006FCD9C = {
						CreatedOnToolsVersion = 14.0;
						TestTargetID = 682FED8F28D53090006FCD9C;
					};
				};
			};
			buildConfigurationList = 682FED8B28D53090006FCD9C /* Build configuration list for PBXProject "Flix" */;
			compatibilityVersion = "Xcode 14.0";
			developmentRegion = en;
			hasScannedForEncodings = 0;
			knownRegions = (
				en,
				Base,
			);
			mainGroup = 682FED8728D53090006FCD9C;
			packageReferences = (
				682FEDCD28D57DF2006FCD9C /* XCRemoteSwiftPackageReference "AlamofireImage" */,
			);
			productRefGroup = 682FED9128D53090006FCD9C /* Products */;
			projectDirPath = "";
			projectRoot = "";
			targets = (
				682FED8F28D53090006FCD9C /* Flix */,
				682FEDA528D53093006FCD9C /* FlixTests */,
				682FEDAF28D53093006FCD9C /* FlixUITests */,
			);
		};
/* End PBXProject section */

/* Begin PBXResourcesBuildPhase section */
		682FED8E28D53090006FCD9C /* Resources */ = {
			isa = PBXResourcesBuildPhase;
			buildActionMask = 2147483647;
			files = (
				682FEDA028D53093006FCD9C /* LaunchScreen.storyboard in Resources */,
				682FED9D28D53093006FCD9C /* Assets.xcassets in Resources */,
				682FED9B28D53090006FCD9C /* Main.storyboard in Resources */,
			);
			runOnlyForDeploymentPostprocessing = 0;
		};
		682FEDA428D53093006FCD9C /* Resources */ = {
			isa = PBXResourcesBuildPhase;
			buildActionMask = 2147483647;
			files = (
			);
			runOnlyForDeploymentPostprocessing = 0;
		};
		682FEDAE28D53093006FCD9C /* Resources */ = {
			isa = PBXResourcesBuildPhase;
			buildActionMask = 2147483647;
			files = (
			);
			runOnlyForDeploymentPostprocessing = 0;
		};
/* End PBXResourcesBuildPhase section */

/* Begin PBXShellScriptBuildPhase section */
		275127D45EAFAC88D7C361AE /* [CP] Check Pods Manifest.lock */ = {
			isa = PBXShellScriptBuildPhase;
			buildActionMask = 2147483647;
			files = (
			);
			inputFileListPaths = (
			);
			inputPaths = (
				"${PODS_PODFILE_DIR_PATH}/Podfile.lock",
				"${PODS_ROOT}/Manifest.lock",
			);
			name = "[CP] Check Pods Manifest.lock";
			outputFileListPaths = (
			);
			outputPaths = (
				"$(DERIVED_FILE_DIR)/Pods-Flix-checkManifestLockResult.txt",
			);
			runOnlyForDeploymentPostprocessing = 0;
			shellPath = /bin/sh;
			shellScript = "diff \"${PODS_PODFILE_DIR_PATH}/Podfile.lock\" \"${PODS_ROOT}/Manifest.lock\" > /dev/null\nif [ $? != 0 ] ; then\n    # print error to STDERR\n    echo \"error: The sandbox is not in sync with the Podfile.lock. Run 'pod install' or update your CocoaPods installation.\" >&2\n    exit 1\nfi\n# This output is used by Xcode 'outputs' to avoid re-running this script phase.\necho \"SUCCESS\" > \"${SCRIPT_OUTPUT_FILE_0}\"\n";
			showEnvVarsInLog = 0;
		};
		56FC59BE4BB077B92E6D6086 /* [CP] Embed Pods Frameworks */ = {
			isa = PBXShellScriptBuildPhase;
			buildActionMask = 2147483647;
			files = (
			);
			inputFileListPaths = (
				"${PODS_ROOT}/Target Support Files/Pods-Flix-FlixUITests/Pods-Flix-FlixUITests-frameworks-${CONFIGURATION}-input-files.xcfilelist",
			);
			name = "[CP] Embed Pods Frameworks";
			outputFileListPaths = (
				"${PODS_ROOT}/Target Support Files/Pods-Flix-FlixUITests/Pods-Flix-FlixUITests-frameworks-${CONFIGURATION}-output-files.xcfilelist",
			);
			runOnlyForDeploymentPostprocessing = 0;
			shellPath = /bin/sh;
			shellScript = "\"${PODS_ROOT}/Target Support Files/Pods-Flix-FlixUITests/Pods-Flix-FlixUITests-frameworks.sh\"\n";
			showEnvVarsInLog = 0;
		};
		8AF9622D35959D727C003B58 /* [CP] Check Pods Manifest.lock */ = {
			isa = PBXShellScriptBuildPhase;
			buildActionMask = 2147483647;
			files = (
			);
			inputFileListPaths = (
			);
			inputPaths = (
				"${PODS_PODFILE_DIR_PATH}/Podfile.lock",
				"${PODS_ROOT}/Manifest.lock",
			);
			name = "[CP] Check Pods Manifest.lock";
			outputFileListPaths = (
			);
			outputPaths = (
				"$(DERIVED_FILE_DIR)/Pods-Flix-FlixUITests-checkManifestLockResult.txt",
			);
			runOnlyForDeploymentPostprocessing = 0;
			shellPath = /bin/sh;
			shellScript = "diff \"${PODS_PODFILE_DIR_PATH}/Podfile.lock\" \"${PODS_ROOT}/Manifest.lock\" > /dev/null\nif [ $? != 0 ] ; then\n    # print error to STDERR\n    echo \"error: The sandbox is not in sync with the Podfile.lock. Run 'pod install' or update your CocoaPods installation.\" >&2\n    exit 1\nfi\n# This output is used by Xcode 'outputs' to avoid re-running this script phase.\necho \"SUCCESS\" > \"${SCRIPT_OUTPUT_FILE_0}\"\n";
			showEnvVarsInLog = 0;
		};
		9068D14BFAC26074D5F835BF /* [CP] Embed Pods Frameworks */ = {
			isa = PBXShellScriptBuildPhase;
			buildActionMask = 2147483647;
			files = (
			);
			inputFileListPaths = (
				"${PODS_ROOT}/Target Support Files/Pods-Flix/Pods-Flix-frameworks-${CONFIGURATION}-input-files.xcfilelist",
			);
			name = "[CP] Embed Pods Frameworks";
			outputFileListPaths = (
				"${PODS_ROOT}/Target Support Files/Pods-Flix/Pods-Flix-frameworks-${CONFIGURATION}-output-files.xcfilelist",
			);
			runOnlyForDeploymentPostprocessing = 0;
			shellPath = /bin/sh;
			shellScript = "\"${PODS_ROOT}/Target Support Files/Pods-Flix/Pods-Flix-frameworks.sh\"\n";
			showEnvVarsInLog = 0;
		};
		E560F9487FA657C627B90296 /* [CP] Check Pods Manifest.lock */ = {
			isa = PBXShellScriptBuildPhase;
			buildActionMask = 2147483647;
			files = (
			);
			inputFileListPaths = (
			);
			inputPaths = (
				"${PODS_PODFILE_DIR_PATH}/Podfile.lock",
				"${PODS_ROOT}/Manifest.lock",
			);
			name = "[CP] Check Pods Manifest.lock";
			outputFileListPaths = (
			);
			outputPaths = (
				"$(DERIVED_FILE_DIR)/Pods-FlixTests-checkManifestLockResult.txt",
			);
			runOnlyForDeploymentPostprocessing = 0;
			shellPath = /bin/sh;
			shellScript = "diff \"${PODS_PODFILE_DIR_PATH}/Podfile.lock\" \"${PODS_ROOT}/Manifest.lock\" > /dev/null\nif [ $? != 0 ] ; then\n    # print error to STDERR\n    echo \"error: The sandbox is not in sync with the Podfile.lock. Run 'pod install' or update your CocoaPods installation.\" >&2\n    exit 1\nfi\n# This output is used by Xcode 'outputs' to avoid re-running this script phase.\necho \"SUCCESS\" > \"${SCRIPT_OUTPUT_FILE_0}\"\n";
			showEnvVarsInLog = 0;
		};
/* End PBXShellScriptBuildPhase section */

/* Begin PBXSourcesBuildPhase section */
		682FED8C28D53090006FCD9C /* Sources */ = {
			isa = PBXSourcesBuildPhase;
			buildActionMask = 2147483647;
			files = (
				682FED9828D53090006FCD9C /* ViewController.swift in Sources */,
				682FED9428D53090006FCD9C /* AppDelegate.swift in Sources */,
				682FED9628D53090006FCD9C /* SceneDelegate.swift in Sources */,
				682FEDCC28D575DB006FCD9C /* MovieCell.swift in Sources */,
				682FEDCA28D53C93006FCD9C /* MoviesViewController.swift in Sources */,
			);
			runOnlyForDeploymentPostprocessing = 0;
		};
		682FEDA228D53093006FCD9C /* Sources */ = {
			isa = PBXSourcesBuildPhase;
			buildActionMask = 2147483647;
			files = (
				682FEDAB28D53093006FCD9C /* FlixTests.swift in Sources */,
			);
			runOnlyForDeploymentPostprocessing = 0;
		};
		682FEDAC28D53093006FCD9C /* Sources */ = {
			isa = PBXSourcesBuildPhase;
			buildActionMask = 2147483647;
			files = (
				682FEDB528D53093006FCD9C /* FlixUITests.swift in Sources */,
				682FEDB728D53093006FCD9C /* FlixUITestsLaunchTests.swift in Sources */,
			);
			runOnlyForDeploymentPostprocessing = 0;
		};
/* End PBXSourcesBuildPhase section */

/* Begin PBXTargetDependency section */
		682FEDA828D53093006FCD9C /* PBXTargetDependency */ = {
			isa = PBXTargetDependency;
			target = 682FED8F28D53090006FCD9C /* Flix */;
			targetProxy = 682FEDA728D53093006FCD9C /* PBXContainerItemProxy */;
		};
		682FEDB228D53093006FCD9C /* PBXTargetDependency */ = {
			isa = PBXTargetDependency;
			target = 682FED8F28D53090006FCD9C /* Flix */;
			targetProxy = 682FEDB128D53093006FCD9C /* PBXContainerItemProxy */;
		};
/* End PBXTargetDependency section */

/* Begin PBXVariantGroup section */
		682FED9928D53090006FCD9C /* Main.storyboard */ = {
			isa = PBXVariantGroup;
			children = (
				682FED9A28D53090006FCD9C /* Base */,
			);
			name = Main.storyboard;
			sourceTree = "<group>";
		};
		682FED9E28D53093006FCD9C /* LaunchScreen.storyboard */ = {
			isa = PBXVariantGroup;
			children = (
				682FED9F28D53093006FCD9C /* Base */,
			);
			name = LaunchScreen.storyboard;
			sourceTree = "<group>";
		};
/* End PBXVariantGroup section */

/* Begin XCBuildConfiguration section */
		682FEDB828D53093006FCD9C /* Debug */ = {
			isa = XCBuildConfiguration;
			buildSettings = {
				ALWAYS_SEARCH_USER_PATHS = NO;
				CLANG_ANALYZER_NONNULL = YES;
				CLANG_ANALYZER_NUMBER_OBJECT_CONVERSION = YES_AGGRESSIVE;
				CLANG_CXX_LANGUAGE_STANDARD = "gnu++20";
				CLANG_ENABLE_MODULES = YES;
				CLANG_ENABLE_OBJC_ARC = YES;
				CLANG_ENABLE_OBJC_WEAK = YES;
				CLANG_WARN_BLOCK_CAPTURE_AUTORELEASING = YES;
				CLANG_WARN_BOOL_CONVERSION = YES;
				CLANG_WARN_COMMA = YES;
				CLANG_WARN_CONSTANT_CONVERSION = YES;
				CLANG_WARN_DEPRECATED_OBJC_IMPLEMENTATIONS = YES;
				CLANG_WARN_DIRECT_OBJC_ISA_USAGE = YES_ERROR;
				CLANG_WARN_DOCUMENTATION_COMMENTS = YES;
				CLANG_WARN_EMPTY_BODY = YES;
				CLANG_WARN_ENUM_CONVERSION = YES;
				CLANG_WARN_INFINITE_RECURSION = YES;
				CLANG_WARN_INT_CONVERSION = YES;
				CLANG_WARN_NON_LITERAL_NULL_CONVERSION = YES;
				CLANG_WARN_OBJC_IMPLICIT_RETAIN_SELF = YES;
				CLANG_WARN_OBJC_LITERAL_CONVERSION = YES;
				CLANG_WARN_OBJC_ROOT_CLASS = YES_ERROR;
				CLANG_WARN_QUOTED_INCLUDE_IN_FRAMEWORK_HEADER = YES;
				CLANG_WARN_RANGE_LOOP_ANALYSIS = YES;
				CLANG_WARN_STRICT_PROTOTYPES = YES;
				CLANG_WARN_SUSPICIOUS_MOVE = YES;
				CLANG_WARN_UNGUARDED_AVAILABILITY = YES_AGGRESSIVE;
				CLANG_WARN_UNREACHABLE_CODE = YES;
				CLANG_WARN__DUPLICATE_METHOD_MATCH = YES;
				COPY_PHASE_STRIP = NO;
				DEBUG_INFORMATION_FORMAT = dwarf;
				ENABLE_STRICT_OBJC_MSGSEND = YES;
				ENABLE_TESTABILITY = YES;
				GCC_C_LANGUAGE_STANDARD = gnu11;
				GCC_DYNAMIC_NO_PIC = NO;
				GCC_NO_COMMON_BLOCKS = YES;
				GCC_OPTIMIZATION_LEVEL = 0;
				GCC_PREPROCESSOR_DEFINITIONS = (
					"DEBUG=1",
					"$(inherited)",
				);
				GCC_WARN_64_TO_32_BIT_CONVERSION = YES;
				GCC_WARN_ABOUT_RETURN_TYPE = YES_ERROR;
				GCC_WARN_UNDECLARED_SELECTOR = YES;
				GCC_WARN_UNINITIALIZED_AUTOS = YES_AGGRESSIVE;
				GCC_WARN_UNUSED_FUNCTION = YES;
				GCC_WARN_UNUSED_VARIABLE = YES;
				IPHONEOS_DEPLOYMENT_TARGET = 16.0;
				MTL_ENABLE_DEBUG_INFO = INCLUDE_SOURCE;
				MTL_FAST_MATH = YES;
				ONLY_ACTIVE_ARCH = YES;
				SDKROOT = iphoneos;
				SWIFT_ACTIVE_COMPILATION_CONDITIONS = DEBUG;
				SWIFT_OPTIMIZATION_LEVEL = "-Onone";
			};
			name = Debug;
		};
		682FEDB928D53093006FCD9C /* Release */ = {
			isa = XCBuildConfiguration;
			buildSettings = {
				ALWAYS_SEARCH_USER_PATHS = NO;
				CLANG_ANALYZER_NONNULL = YES;
				CLANG_ANALYZER_NUMBER_OBJECT_CONVERSION = YES_AGGRESSIVE;
				CLANG_CXX_LANGUAGE_STANDARD = "gnu++20";
				CLANG_ENABLE_MODULES = YES;
				CLANG_ENABLE_OBJC_ARC = YES;
				CLANG_ENABLE_OBJC_WEAK = YES;
				CLANG_WARN_BLOCK_CAPTURE_AUTORELEASING = YES;
				CLANG_WARN_BOOL_CONVERSION = YES;
				CLANG_WARN_COMMA = YES;
				CLANG_WARN_CONSTANT_CONVERSION = YES;
				CLANG_WARN_DEPRECATED_OBJC_IMPLEMENTATIONS = YES;
				CLANG_WARN_DIRECT_OBJC_ISA_USAGE = YES_ERROR;
				CLANG_WARN_DOCUMENTATION_COMMENTS = YES;
				CLANG_WARN_EMPTY_BODY = YES;
				CLANG_WARN_ENUM_CONVERSION = YES;
				CLANG_WARN_INFINITE_RECURSION = YES;
				CLANG_WARN_INT_CONVERSION = YES;
				CLANG_WARN_NON_LITERAL_NULL_CONVERSION = YES;
				CLANG_WARN_OBJC_IMPLICIT_RETAIN_SELF = YES;
				CLANG_WARN_OBJC_LITERAL_CONVERSION = YES;
				CLANG_WARN_OBJC_ROOT_CLASS = YES_ERROR;
				CLANG_WARN_QUOTED_INCLUDE_IN_FRAMEWORK_HEADER = YES;
				CLANG_WARN_RANGE_LOOP_ANALYSIS = YES;
				CLANG_WARN_STRICT_PROTOTYPES = YES;
				CLANG_WARN_SUSPICIOUS_MOVE = YES;
				CLANG_WARN_UNGUARDED_AVAILABILITY = YES_AGGRESSIVE;
				CLANG_WARN_UNREACHABLE_CODE = YES;
				CLANG_WARN__DUPLICATE_METHOD_MATCH = YES;
				COPY_PHASE_STRIP = NO;
				DEBUG_INFORMATION_FORMAT = "dwarf-with-dsym";
				ENABLE_NS_ASSERTIONS = NO;
				ENABLE_STRICT_OBJC_MSGSEND = YES;
				GCC_C_LANGUAGE_STANDARD = gnu11;
				GCC_NO_COMMON_BLOCKS = YES;
				GCC_WARN_64_TO_32_BIT_CONVERSION = YES;
				GCC_WARN_ABOUT_RETURN_TYPE = YES_ERROR;
				GCC_WARN_UNDECLARED_SELECTOR = YES;
				GCC_WARN_UNINITIALIZED_AUTOS = YES_AGGRESSIVE;
				GCC_WARN_UNUSED_FUNCTION = YES;
				GCC_WARN_UNUSED_VARIABLE = YES;
				IPHONEOS_DEPLOYMENT_TARGET = 16.0;
				MTL_ENABLE_DEBUG_INFO = NO;
				MTL_FAST_MATH = YES;
				SDKROOT = iphoneos;
				SWIFT_COMPILATION_MODE = wholemodule;
				SWIFT_OPTIMIZATION_LEVEL = "-O";
				VALIDATE_PRODUCT = YES;
			};
			name = Release;
		};
		682FEDBB28D53093006FCD9C /* Debug */ = {
			isa = XCBuildConfiguration;
			baseConfigurationReference = 20B2AD4CFCE0C4A228932105 /* Pods-Flix.debug.xcconfig */;
			buildSettings = {
				ASSETCATALOG_COMPILER_APPICON_NAME = AppIcon;
				ASSETCATALOG_COMPILER_GLOBAL_ACCENT_COLOR_NAME = AccentColor;
				CLANG_ENABLE_MODULES = YES;
				CODE_SIGN_STYLE = Automatic;
				CURRENT_PROJECT_VERSION = 1;
				DEVELOPMENT_TEAM = Q6MUVK6F24;
				GENERATE_INFOPLIST_FILE = YES;
				INFOPLIST_FILE = Flix/Info.plist;
				INFOPLIST_KEY_UIApplicationSupportsIndirectInputEvents = YES;
				INFOPLIST_KEY_UILaunchStoryboardName = LaunchScreen;
				INFOPLIST_KEY_UIMainStoryboardFile = Main;
				INFOPLIST_KEY_UISupportedInterfaceOrientations_iPad = "UIInterfaceOrientationPortrait UIInterfaceOrientationPortraitUpsideDown UIInterfaceOrientationLandscapeLeft UIInterfaceOrientationLandscapeRight";
				INFOPLIST_KEY_UISupportedInterfaceOrientations_iPhone = "UIInterfaceOrientationPortrait UIInterfaceOrientationLandscapeLeft UIInterfaceOrientationLandscapeRight";
				LD_RUNPATH_SEARCH_PATHS = (
					"$(inherited)",
					"@executable_path/Frameworks",
				);
				MARKETING_VERSION = 1.0;
				PRODUCT_BUNDLE_IDENTIFIER = com.ajaysingh2128.Flix;
				PRODUCT_NAME = "$(TARGET_NAME)";
				SWIFT_EMIT_LOC_STRINGS = YES;
				SWIFT_OPTIMIZATION_LEVEL = "-Onone";
				SWIFT_VERSION = 5.0;
				TARGETED_DEVICE_FAMILY = "1,2";
			};
			name = Debug;
		};
		682FEDBC28D53093006FCD9C /* Release */ = {
			isa = XCBuildConfiguration;
			baseConfigurationReference = 707E20B9FEBCD6C0C8A6BD98 /* Pods-Flix.release.xcconfig */;
			buildSettings = {
				ASSETCATALOG_COMPILER_APPICON_NAME = AppIcon;
				ASSETCATALOG_COMPILER_GLOBAL_ACCENT_COLOR_NAME = AccentColor;
				CLANG_ENABLE_MODULES = YES;
				CODE_SIGN_STYLE = Automatic;
				CURRENT_PROJECT_VERSION = 1;
				DEVELOPMENT_TEAM = Q6MUVK6F24;
				GENERATE_INFOPLIST_FILE = YES;
				INFOPLIST_FILE = Flix/Info.plist;
				INFOPLIST_KEY_UIApplicationSupportsIndirectInputEvents = YES;
				INFOPLIST_KEY_UILaunchStoryboardName = LaunchScreen;
				INFOPLIST_KEY_UIMainStoryboardFile = Main;
				INFOPLIST_KEY_UISupportedInterfaceOrientations_iPad = "UIInterfaceOrientationPortrait UIInterfaceOrientationPortraitUpsideDown UIInterfaceOrientationLandscapeLeft UIInterfaceOrientationLandscapeRight";
				INFOPLIST_KEY_UISupportedInterfaceOrientations_iPhone = "UIInterfaceOrientationPortrait UIInterfaceOrientationLandscapeLeft UIInterfaceOrientationLandscapeRight";
				LD_RUNPATH_SEARCH_PATHS = (
					"$(inherited)",
					"@executable_path/Frameworks",
				);
				MARKETING_VERSION = 1.0;
				PRODUCT_BUNDLE_IDENTIFIER = com.ajaysingh2128.Flix;
				PRODUCT_NAME = "$(TARGET_NAME)";
				SWIFT_EMIT_LOC_STRINGS = YES;
				SWIFT_VERSION = 5.0;
				TARGETED_DEVICE_FAMILY = "1,2";
			};
			name = Release;
		};
		682FEDBE28D53093006FCD9C /* Debug */ = {
			isa = XCBuildConfiguration;
			baseConfigurationReference = 5B4D7A1FAF85086BB9804DAF /* Pods-FlixTests.debug.xcconfig */;
			buildSettings = {
				ALWAYS_EMBED_SWIFT_STANDARD_LIBRARIES = YES;
				BUNDLE_LOADER = "$(TEST_HOST)";
				CODE_SIGN_STYLE = Automatic;
				CURRENT_PROJECT_VERSION = 1;
				DEVELOPMENT_TEAM = Q6MUVK6F24;
				GENERATE_INFOPLIST_FILE = YES;
				IPHONEOS_DEPLOYMENT_TARGET = 16.0;
				MARKETING_VERSION = 1.0;
				PRODUCT_BUNDLE_IDENTIFIER = com.ajaysingh2128.FlixTests;
				PRODUCT_NAME = "$(TARGET_NAME)";
				SWIFT_EMIT_LOC_STRINGS = NO;
				SWIFT_VERSION = 5.0;
				TARGETED_DEVICE_FAMILY = "1,2";
				TEST_HOST = "$(BUILT_PRODUCTS_DIR)/Flix.app/$(BUNDLE_EXECUTABLE_FOLDER_PATH)/Flix";
			};
			name = Debug;
		};
		682FEDBF28D53093006FCD9C /* Release */ = {
			isa = XCBuildConfiguration;
			baseConfigurationReference = E18ED7003E01576B80EBB574 /* Pods-FlixTests.release.xcconfig */;
			buildSettings = {
				ALWAYS_EMBED_SWIFT_STANDARD_LIBRARIES = YES;
				BUNDLE_LOADER = "$(TEST_HOST)";
				CODE_SIGN_STYLE = Automatic;
				CURRENT_PROJECT_VERSION = 1;
				DEVELOPMENT_TEAM = Q6MUVK6F24;
				GENERATE_INFOPLIST_FILE = YES;
				IPHONEOS_DEPLOYMENT_TARGET = 16.0;
				MARKETING_VERSION = 1.0;
				PRODUCT_BUNDLE_IDENTIFIER = com.ajaysingh2128.FlixTests;
				PRODUCT_NAME = "$(TARGET_NAME)";
				SWIFT_EMIT_LOC_STRINGS = NO;
				SWIFT_VERSION = 5.0;
				TARGETED_DEVICE_FAMILY = "1,2";
				TEST_HOST = "$(BUILT_PRODUCTS_DIR)/Flix.app/$(BUNDLE_EXECUTABLE_FOLDER_PATH)/Flix";
			};
			name = Release;
		};
		682FEDC128D53093006FCD9C /* Debug */ = {
			isa = XCBuildConfiguration;
			baseConfigurationReference = 31009AA86D630C5BC0173531 /* Pods-Flix-FlixUITests.debug.xcconfig */;
			buildSettings = {
				ALWAYS_EMBED_SWIFT_STANDARD_LIBRARIES = YES;
				CODE_SIGN_STYLE = Automatic;
				CURRENT_PROJECT_VERSION = 1;
				DEVELOPMENT_TEAM = Q6MUVK6F24;
				GENERATE_INFOPLIST_FILE = YES;
				MARKETING_VERSION = 1.0;
				PRODUCT_BUNDLE_IDENTIFIER = com.ajaysingh2128.FlixUITests;
				PRODUCT_NAME = "$(TARGET_NAME)";
				SWIFT_EMIT_LOC_STRINGS = NO;
				SWIFT_VERSION = 5.0;
				TARGETED_DEVICE_FAMILY = "1,2";
				TEST_TARGET_NAME = Flix;
			};
			name = Debug;
		};
		682FEDC228D53093006FCD9C /* Release */ = {
			isa = XCBuildConfiguration;
			baseConfigurationReference = A6EABC720E4EF37D2463BE85 /* Pods-Flix-FlixUITests.release.xcconfig */;
			buildSettings = {
				ALWAYS_EMBED_SWIFT_STANDARD_LIBRARIES = YES;
				CODE_SIGN_STYLE = Automatic;
				CURRENT_PROJECT_VERSION = 1;
				DEVELOPMENT_TEAM = Q6MUVK6F24;
				GENERATE_INFOPLIST_FILE = YES;
				MARKETING_VERSION = 1.0;
				PRODUCT_BUNDLE_IDENTIFIER = com.ajaysingh2128.FlixUITests;
				PRODUCT_NAME = "$(TARGET_NAME)";
				SWIFT_EMIT_LOC_STRINGS = NO;
				SWIFT_VERSION = 5.0;
				TARGETED_DEVICE_FAMILY = "1,2";
				TEST_TARGET_NAME = Flix;
			};
			name = Release;
		};
/* End XCBuildConfiguration section */

/* Begin XCConfigurationList section */
		682FED8B28D53090006FCD9C /* Build configuration list for PBXProject "Flix" */ = {
			isa = XCConfigurationList;
			buildConfigurations = (
				682FEDB828D53093006FCD9C /* Debug */,
				682FEDB928D53093006FCD9C /* Release */,
			);
			defaultConfigurationIsVisible = 0;
			defaultConfigurationName = Release;
		};
		682FEDBA28D53093006FCD9C /* Build configuration list for PBXNativeTarget "Flix" */ = {
			isa = XCConfigurationList;
			buildConfigurations = (
				682FEDBB28D53093006FCD9C /* Debug */,
				682FEDBC28D53093006FCD9C /* Release */,
			);
			defaultConfigurationIsVisible = 0;
			defaultConfigurationName = Release;
		};
		682FEDBD28D53093006FCD9C /* Build configuration list for PBXNativeTarget "FlixTests" */ = {
			isa = XCConfigurationList;
			buildConfigurations = (
				682FEDBE28D53093006FCD9C /* Debug */,
				682FEDBF28D53093006FCD9C /* Release */,
			);
			defaultConfigurationIsVisible = 0;
			defaultConfigurationName = Release;
		};
		682FEDC028D53093006FCD9C /* Build configuration list for PBXNativeTarget "FlixUITests" */ = {
			isa = XCConfigurationList;
			buildConfigurations = (
				682FEDC128D53093006FCD9C /* Debug */,
				682FEDC228D53093006FCD9C /* Release */,
			);
			defaultConfigurationIsVisible = 0;
			defaultConfigurationName = Release;
		};
/* End XCConfigurationList section */

/* Begin XCRemoteSwiftPackageReference section */
		682FEDCD28D57DF2006FCD9C /* XCRemoteSwiftPackageReference "AlamofireImage" */ = {
			isa = XCRemoteSwiftPackageReference;
			repositoryURL = "https://github.com/Alamofire/AlamofireImage";
			requirement = {
				kind = upToNextMajorVersion;
				minimumVersion = 4.0.0;
			};
		};
/* End XCRemoteSwiftPackageReference section */

/* Begin XCSwiftPackageProductDependency section */
		682FEDCE28D57DF2006FCD9C /* AlamofireImage */ = {
			isa = XCSwiftPackageProductDependency;
			package = 682FEDCD28D57DF2006FCD9C /* XCRemoteSwiftPackageReference "AlamofireImage" */;
			productName = AlamofireImage;
		};
/* End XCSwiftPackageProductDependency section */
	};
	rootObject = 682FED8828D53090006FCD9C /* Project object */;
}
